
Microsoft Visual Studio Solution File, Format Version 12.00
Project("{FAE04EC0-301F-11D3-BF4B-00C04F79EFBC}") = "ResponseService", "ResponseService\ResponseService.csproj", "{5694464D-AF75-4849-B6A8-D6B42A21F5D6}"
EndProject
Project("{FAE04EC0-301F-11D3-BF4B-00C04F79EFBC}") = "RequestService", "RequestService\RequestService.csproj", "{C57FA131-A560-46EF-B9A3-C6E7A953044F}"
EndProject
Global
	GlobalSection(SolutionConfigurationPlatforms) = preSolution
		Debug|Any CPU = Debug|Any CPU
		Release|Any CPU = Release|Any CPU
	EndGlobalSection
	GlobalSection(ProjectConfigurationPlatforms) = postSolution
		{5694464D-AF75-4849-B6A8-D6B42A21F5D6}.Debug|Any CPU.ActiveCfg = Debug|Any CPU
		{5694464D-AF75-4849-B6A8-D6B42A21F5D6}.Debug|Any CPU.Build.0 = Debug|Any CPU
		{5694464D-AF75-4849-B6A8-D6B42A21F5D6}.Release|Any CPU.ActiveCfg = Release|Any CPU
		{5694464D-AF75-4849-B6A8-D6B42A21F5D6}.Release|Any CPU.Build.0 = Release|Any CPU
		{C57FA131-A560-46EF-B9A3-C6E7A953044F}.Debug|Any CPU.ActiveCfg = Debug|Any CPU
		{C57FA131-A560-46EF-B9A3-C6E7A953044F}.Debug|Any CPU.Build.0 = Debug|Any CPU
		{C57FA131-A560-46EF-B9A3-C6E7A953044F}.Release|Any CPU.ActiveCfg = Release|Any CPU
		{C57FA131-A560-46EF-B9A3-C6E7A953044F}.Release|Any CPU.Build.0 = Release|Any CPU
	EndGlobalSection
EndGlobal
